// !$*UTF8*$!
{
	archiveVersion = 1;
	classes = {
	};
	objectVersion = 56;
	objects = {

/* Begin PBXBuildFile section */
		BB1111111111111111111101 /* CaffeinateApp.swift in Sources */ = {isa = PBXBuildFile; fileRef = AA1111111111111111111101 /* CaffeinateApp.swift */; };
		BB1111111111111111111102 /* AppDelegate.swift in Sources */ = {isa = PBXBuildFile; fileRef = AA1111111111111111111102 /* AppDelegate.swift */; };
		BB1111111111111111111103 /* CaffeinateManager.swift in Sources */ = {isa = PBXBuildFile; fileRef = AA1111111111111111111103 /* CaffeinateManager.swift */; };
		BB1111111111111111111104 /* AppState.swift in Sources */ = {isa = PBXBuildFile; fileRef = AA1111111111111111111104 /* AppState.swift */; };
		BB1111111111111111111105 /* LaunchAtLogin.swift in Sources */ = {isa = PBXBuildFile; fileRef = AA1111111111111111111105 /* LaunchAtLogin.swift */; };
		BB1111111111111111111106 /* StatusBarController.swift in Sources */ = {isa = PBXBuildFile; fileRef = AA1111111111111111111106 /* StatusBarController.swift */; };
		BB1111111111111111111110 /* SleepPreventing.swift in Sources */ = {isa = PBXBuildFile; fileRef = AA1111111111111111111110 /* SleepPreventing.swift */; };
		BB1111111111111111111111 /* LaunchAtLoginManaging.swift in Sources */ = {isa = PBXBuildFile; fileRef = AA1111111111111111111111 /* LaunchAtLoginManaging.swift */; };
		BB1111111111111111111112 /* TestSupport.swift in Sources */ = {isa = PBXBuildFile; fileRef = AA1111111111111111111112 /* TestSupport.swift */; };
		BB1111111111111111111113 /* AppStateTests.swift in Sources */ = {isa = PBXBuildFile; fileRef = AA1111111111111111111113 /* AppStateTests.swift */; };
		BB1111111111111111111114 /* LaunchAtLoginTests.swift in Sources */ = {isa = PBXBuildFile; fileRef = AA1111111111111111111114 /* LaunchAtLoginTests.swift */; };
		BB1111111111111111111107 /* Assets.xcassets in Resources */ = {isa = PBXBuildFile; fileRef = AA1111111111111111111107 /* Assets.xcassets */; };
		BB1111111111111111111109 /* CaffeinateManagerTests.swift in Sources */ = {isa = PBXBuildFile; fileRef = AA1111111111111111111109 /* CaffeinateManagerTests.swift */; };
		BB111111111111111111110A /* IOKit.framework in Frameworks */ = {isa = PBXBuildFile; fileRef = AA111111111111111111110A /* IOKit.framework */; };
		BB111111111111111111110B /* ServiceManagement.framework in Frameworks */ = {isa = PBXBuildFile; fileRef = AA111111111111111111110B /* ServiceManagement.framework */; };
		BB111111111111111111110C /* XCTest.framework in Frameworks */ = {isa = PBXBuildFile; fileRef = AA111111111111111111110C /* XCTest.framework */; };
/* End PBXBuildFile section */

/* Begin PBXContainerItemProxy section */
		2A1111111111111111111102 /* PBXContainerItemProxy */ = {
			isa = PBXContainerItemProxy;
			containerPortal = 29B97313FDCFA39411CA2CEA /* Project object */;
			proxyType = 1;
			remoteGlobalIDString = FF1111111111111111111101;
			remoteInfo = Caffeinate;
		};
/* End PBXContainerItemProxy section */

/* Begin PBXFileReference section */
		AA1111111111111111111101 /* CaffeinateApp.swift */ = {isa = PBXFileReference; lastKnownFileType = sourcecode.swift; path = CaffeinateApp.swift; sourceTree = "<group>"; };
		AA1111111111111111111102 /* AppDelegate.swift */ = {isa = PBXFileReference; lastKnownFileType = sourcecode.swift; path = AppDelegate.swift; sourceTree = "<group>"; };
		AA1111111111111111111103 /* CaffeinateManager.swift */ = {isa = PBXFileReference; lastKnownFileType = sourcecode.swift; path = CaffeinateManager.swift; sourceTree = "<group>"; };
		AA1111111111111111111104 /* AppState.swift */ = {isa = PBXFileReference; lastKnownFileType = sourcecode.swift; path = AppState.swift; sourceTree = "<group>"; };
		AA1111111111111111111105 /* LaunchAtLogin.swift */ = {isa = PBXFileReference; lastKnownFileType = sourcecode.swift; path = LaunchAtLogin.swift; sourceTree = "<group>"; };
		AA1111111111111111111106 /* StatusBarController.swift */ = {isa = PBXFileReference; lastKnownFileType = sourcecode.swift; path = StatusBarController.swift; sourceTree = "<group>"; };
		AA1111111111111111111110 /* SleepPreventing.swift */ = {isa = PBXFileReference; lastKnownFileType = sourcecode.swift; path = SleepPreventing.swift; sourceTree = "<group>"; };
		AA1111111111111111111111 /* LaunchAtLoginManaging.swift */ = {isa = PBXFileReference; lastKnownFileType = sourcecode.swift; path = LaunchAtLoginManaging.swift; sourceTree = "<group>"; };
		AA1111111111111111111107 /* Assets.xcassets */ = {isa = PBXFileReference; lastKnownFileType = folder.assetcatalog; path = Assets.xcassets; sourceTree = "<group>"; };
		AA1111111111111111111108 /* Info.plist */ = {isa = PBXFileReference; lastKnownFileType = text.plist.xml; path = Info.plist; sourceTree = "<group>"; };
		AA1111111111111111111109 /* CaffeinateManagerTests.swift */ = {isa = PBXFileReference; lastKnownFileType = sourcecode.swift; path = CaffeinateManagerTests.swift; sourceTree = "<group>"; };
		AA1111111111111111111112 /* TestSupport.swift */ = {isa = PBXFileReference; lastKnownFileType = sourcecode.swift; path = TestSupport.swift; sourceTree = "<group>"; };
		AA1111111111111111111113 /* AppStateTests.swift */ = {isa = PBXFileReference; lastKnownFileType = sourcecode.swift; path = AppStateTests.swift; sourceTree = "<group>"; };
		AA1111111111111111111114 /* LaunchAtLoginTests.swift */ = {isa = PBXFileReference; lastKnownFileType = sourcecode.swift; path = LaunchAtLoginTests.swift; sourceTree = "<group>"; };
		AA111111111111111111110A /* IOKit.framework */ = {isa = PBXFileReference; lastKnownFileType = wrapper.framework; name = IOKit.framework; path = System/Library/Frameworks/IOKit.framework; sourceTree = SDKROOT; };
		AA111111111111111111110B /* ServiceManagement.framework */ = {isa = PBXFileReference; lastKnownFileType = wrapper.framework; name = ServiceManagement.framework; path = System/Library/Frameworks/ServiceManagement.framework; sourceTree = SDKROOT; };
		AA111111111111111111110C /* XCTest.framework */ = {isa = PBXFileReference; lastKnownFileType = wrapper.framework; name = XCTest.framework; path = Platforms/MacOSX.platform/Developer/Library/Frameworks/XCTest.framework; sourceTree = DEVELOPER_DIR; };
		AA111111111111111111110D /* Caffeinate.app */ = {isa = PBXFileReference; explicitFileType = wrapper.application; includeInIndex = 0; path = Caffeinate.app; sourceTree = BUILT_PRODUCTS_DIR; };
		AA111111111111111111110E /* CaffeinateTests.xctest */ = {isa = PBXFileReference; explicitFileType = wrapper.cfbundle; includeInIndex = 0; path = CaffeinateTests.xctest; sourceTree = BUILT_PRODUCTS_DIR; };
/* End PBXFileReference section */

/* Begin PBXFrameworksBuildPhase section */
		EE1111111111111111111102 /* Frameworks */ = {
			isa = PBXFrameworksBuildPhase;
			buildActionMask = 2147483647;
			files = (
				BB111111111111111111110A /* IOKit.framework in Frameworks */,
				BB111111111111111111110B /* ServiceManagement.framework in Frameworks */,
			);
			runOnlyForDeploymentPostprocessing = 0;
		};
		EE1111111111111111111105 /* Frameworks */ = {
			isa = PBXFrameworksBuildPhase;
			buildActionMask = 2147483647;
			files = (
				BB111111111111111111110C /* XCTest.framework in Frameworks */,
			);
			runOnlyForDeploymentPostprocessing = 0;
		};
/* End PBXFrameworksBuildPhase section */

/* Begin PBXGroup section */
		CC1111111111111111111101 = {
			isa = PBXGroup;
			children = (
				CC1111111111111111111102 /* Caffeinate */,
				CC1111111111111111111103 /* CaffeinateTests */,
				CC1111111111111111111105 /* Frameworks */,
				CC1111111111111111111104 /* Products */,
			);
			sourceTree = "<group>";
		};
		CC1111111111111111111102 /* Caffeinate */ = {
			isa = PBXGroup;
			children = (
				AA1111111111111111111101 /* CaffeinateApp.swift */,
				AA1111111111111111111102 /* AppDelegate.swift */,
				AA1111111111111111111103 /* CaffeinateManager.swift */,
				AA1111111111111111111104 /* AppState.swift */,
				AA1111111111111111111105 /* LaunchAtLogin.swift */,
				AA1111111111111111111106 /* StatusBarController.swift */,
				AA1111111111111111111110 /* SleepPreventing.swift */,
				AA1111111111111111111111 /* LaunchAtLoginManaging.swift */,
				AA1111111111111111111107 /* Assets.xcassets */,
				AA1111111111111111111108 /* Info.plist */,
			);
			path = Caffeinate;
			sourceTree = "<group>";
		};
		CC1111111111111111111103 /* CaffeinateTests */ = {
			isa = PBXGroup;
			children = (
				AA1111111111111111111109 /* CaffeinateManagerTests.swift */,
				AA1111111111111111111112 /* TestSupport.swift */,
				AA1111111111111111111113 /* AppStateTests.swift */,
				AA1111111111111111111114 /* LaunchAtLoginTests.swift */,
			);
			path = CaffeinateTests;
			sourceTree = "<group>";
		};
		CC1111111111111111111104 /* Products */ = {
			isa = PBXGroup;
			children = (
				AA111111111111111111110D /* Caffeinate.app */,
				AA111111111111111111110E /* CaffeinateTests.xctest */,
			);
			name = Products;
			sourceTree = "<group>";
		};
		CC1111111111111111111105 /* Frameworks */ = {
			isa = PBXGroup;
			children = (
				AA111111111111111111110A /* IOKit.framework */,
				AA111111111111111111110B /* ServiceManagement.framework */,
				AA111111111111111111110C /* XCTest.framework */,
			);
			name = Frameworks;
			sourceTree = "<group>";
		};
/* End PBXGroup section */

/* Begin PBXNativeTarget section */
		FF1111111111111111111101 /* Caffeinate */ = {
			isa = PBXNativeTarget;
			buildConfigurationList = 1A1111111111111111111102 /* Build configuration list for PBXNativeTarget "Caffeinate" */;
			buildPhases = (
				EE1111111111111111111101 /* Sources */,
				EE1111111111111111111102 /* Frameworks */,
				EE1111111111111111111103 /* Resources */,
			);
			buildRules = (
			);
			dependencies = (
			);
			name = Caffeinate;
			productName = Caffeinate;
			productReference = AA111111111111111111110D /* Caffeinate.app */;
			productType = "com.apple.product-type.application";
		};
		FF1111111111111111111102 /* CaffeinateTests */ = {
			isa = PBXNativeTarget;
			buildConfigurationList = 1A1111111111111111111103 /* Build configuration list for PBXNativeTarget "CaffeinateTests" */;
			buildPhases = (
				EE1111111111111111111104 /* Sources */,
				EE1111111111111111111105 /* Frameworks */,
			);
			buildRules = (
			);
			dependencies = (
				2A1111111111111111111101 /* PBXTargetDependency */,
			);
			name = CaffeinateTests;
			productName = CaffeinateTests;
			productReference = AA111111111111111111110E /* CaffeinateTests.xctest */;
			productType = "com.apple.product-type.bundle.unit-test";
		};
/* End PBXNativeTarget section */

/* Begin PBXProject section */
		29B97313FDCFA39411CA2CEA /* Project object */ = {
			isa = PBXProject;
			attributes = {
				BuildIndependentTargetsInParallel = 1;
				LastSwiftUpdateCheck = 1500;
				LastUpgradeCheck = 1500;
				TargetAttributes = {
					FF1111111111111111111101 = {
						CreatedOnToolsVersion = 15.0;
					};
					FF1111111111111111111102 = {
						CreatedOnToolsVersion = 15.0;
						TestTargetID = FF1111111111111111111101;
					};
				};
			};
			buildConfigurationList = 1A1111111111111111111101 /* Build configuration list for PBXProject "Caffeinate" */;
			compatibilityVersion = "Xcode 14.0";
			developmentRegion = en;
			hasScannedForEncodings = 0;
			knownRegions = (
				en,
				Base,
			);
			mainGroup = CC1111111111111111111101;
			productRefGroup = CC1111111111111111111104 /* Products */;
			projectDirPath = "";
			projectRoot = "";
			targets = (
				FF1111111111111111111101 /* Caffeinate */,
				FF1111111111111111111102 /* CaffeinateTests */,
			);
		};
/* End PBXProject section */

/* Begin PBXResourcesBuildPhase section */
		EE1111111111111111111103 /* Resources */ = {
			isa = PBXResourcesBuildPhase;
			buildActionMask = 2147483647;
			files = (
				BB1111111111111111111107 /* Assets.xcassets in Resources */,
			);
			runOnlyForDeploymentPostprocessing = 0;
		};
/* End PBXResourcesBuildPhase section */

/* Begin PBXSourcesBuildPhase section */
		EE1111111111111111111101 /* Sources */ = {
			isa = PBXSourcesBuildPhase;
			buildActionMask = 2147483647;
			files = (
				BB1111111111111111111101 /* CaffeinateApp.swift in Sources */,
				BB1111111111111111111102 /* AppDelegate.swift in Sources */,
				BB1111111111111111111103 /* CaffeinateManager.swift in Sources */,
				BB1111111111111111111104 /* AppState.swift in Sources */,
				BB1111111111111111111105 /* LaunchAtLogin.swift in Sources */,
				BB1111111111111111111106 /* StatusBarController.swift in Sources */,
				BB1111111111111111111110 /* SleepPreventing.swift in Sources */,
				BB1111111111111111111111 /* LaunchAtLoginManaging.swift in Sources */,
			);
			runOnlyForDeploymentPostprocessing = 0;
		};
		EE1111111111111111111104 /* Sources */ = {
			isa = PBXSourcesBuildPhase;
			buildActionMask = 2147483647;
			files = (
				BB1111111111111111111109 /* CaffeinateManagerTests.swift in Sources */,
				BB1111111111111111111112 /* TestSupport.swift in Sources */,
				BB1111111111111111111113 /* AppStateTests.swift in Sources */,
				BB1111111111111111111114 /* LaunchAtLoginTests.swift in Sources */,
			);
			runOnlyForDeploymentPostprocessing = 0;
		};
/* End PBXSourcesBuildPhase section */

/* Begin PBXTargetDependency section */
		2A1111111111111111111101 /* PBXTargetDependency */ = {
			isa = PBXTargetDependency;
			target = FF1111111111111111111101 /* Caffeinate */;
			targetProxy = 2A1111111111111111111102 /* PBXContainerItemProxy */;
		};
/* End PBXTargetDependency section */

/* Begin XCBuildConfiguration section */
		1B1111111111111111111101 /* Debug */ = {
			isa = XCBuildConfiguration;
			buildSettings = {
				ALWAYS_SEARCH_USER_PATHS = NO;
				CLANG_ANALYZER_NONNULL = YES;
				CLANG_ANALYZER_NUMBER_OBJECT_CONVERSION = YES_AGGRESSIVE;
				CLANG_CXX_LANGUAGE_STANDARD = "gnu++17";
				CLANG_ENABLE_MODULES = YES;
				CLANG_ENABLE_OBJC_ARC = YES;
				CLANG_ENABLE_OBJC_WEAK = YES;
				CLANG_WARN_BLOCK_CAPTURE_AUTORELEASING = YES;
				CLANG_WARN_BOOL_CONVERSION = YES;
				CLANG_WARN_COMMA = YES;
				CLANG_WARN_CONSTANT_CONVERSION = YES;
				CLANG_WARN_DEPRECATED_OBJC_IMPLEMENTATIONS = YES;
				CLANG_WARN_DIRECT_OBJC_ISA_USAGE = YES_ERROR;
				CLANG_WARN_DOCUMENTATION_COMMENTS = YES;
				CLANG_WARN_EMPTY_BODY = YES;
				CLANG_WARN_ENUM_CONVERSION = YES;
				CLANG_WARN_INFINITE_RECURSION = YES;
				CLANG_WARN_INT_CONVERSION = YES;
				CLANG_WARN_NON_LITERAL_NULL_CONVERSION = YES;
				CLANG_WARN_OBJC_IMPLICIT_RETAIN_CYCLE = YES;
				CLANG_WARN_OBJC_LITERAL_CONVERSION = YES;
				CLANG_WARN_OBJC_ROOT_CLASS = YES_ERROR;
				CLANG_WARN_QUOTED_INCLUDE_IN_FRAMEWORK_HEADER = YES;
				CLANG_WARN_RANGE_LOOP_ANALYSIS = YES;
				CLANG_WARN_STRICT_PROTOTYPES = YES;
				CLANG_WARN_SUSPICIOUS_MOVE = YES;
				CLANG_WARN_UNGUARDED_AVAILABILITY = YES_AGGRESSIVE;
				CLANG_WARN_UNREACHABLE_CODE = YES;
				CLANG_WARN__DUPLICATE_METHOD_MATCH = YES;
				COPY_PHASE_STRIP = NO;
				DEBUG_INFORMATION_FORMAT = dwarf;
				ENABLE_STRICT_OBJC_MSGSEND = YES;
				ENABLE_TESTABILITY = YES;
				GCC_C_LANGUAGE_STANDARD = gnu11;
				GCC_DYNAMIC_NO_PIC = NO;
				GCC_NO_COMMON_BLOCKS = YES;
				GCC_OPTIMIZATION_LEVEL = 0;
				GCC_PREPROCESSOR_DEFINITIONS = (
					"DEBUG=1",
					"$(inherited)",
				);
				GCC_WARN_64_TO_32_BIT_CONVERSION = YES;
				GCC_WARN_ABOUT_RETURN_TYPE = YES_ERROR;
				GCC_WARN_UNDECLARED_SELECTOR = YES;
				GCC_WARN_UNINITIALIZED_AUTOS = YES_AGGRESSIVE;
				GCC_WARN_UNUSED_FUNCTION = YES;
				GCC_WARN_UNUSED_VARIABLE = YES;
				MACOSX_DEPLOYMENT_TARGET = 13.0;
				MTL_ENABLE_DEBUG_INFO = INCLUDE_SOURCE;
				MTL_FAST_MATH = YES;
				ONLY_ACTIVE_ARCH = YES;
				SDKROOT = macosx;
				SWIFT_ACTIVE_COMPILATION_CONDITIONS = DEBUG;
				SWIFT_OPTIMIZATION_LEVEL = "-Onone";
			};
			name = Debug;
		};
		1B1111111111111111111102 /* Release */ = {
			isa = XCBuildConfiguration;
			buildSettings = {
				ALWAYS_SEARCH_USER_PATHS = NO;
				CLANG_ANALYZER_NONNULL = YES;
				CLANG_ANALYZER_NUMBER_OBJECT_CONVERSION = YES_AGGRESSIVE;
				CLANG_CXX_LANGUAGE_STANDARD = "gnu++17";
				CLANG_ENABLE_MODULES = YES;
				CLANG_ENABLE_OBJC_ARC = YES;
				CLANG_ENABLE_OBJC_WEAK = YES;
				CLANG_WARN_BLOCK_CAPTURE_AUTORELEASING = YES;
				CLANG_WARN_BOOL_CONVERSION = YES;
				CLANG_WARN_COMMA = YES;
				CLANG_WARN_CONSTANT_CONVERSION = YES;
				CLANG_WARN_DEPRECATED_OBJC_IMPLEMENTATIONS = YES;
				CLANG_WARN_DIRECT_OBJC_ISA_USAGE = YES_ERROR;
				CLANG_WARN_DOCUMENTATION_COMMENTS = YES;
				CLANG_WARN_EMPTY_BODY = YES;
				CLANG_WARN_ENUM_CONVERSION = YES;
				CLANG_WARN_INFINITE_RECURSION = YES;
				CLANG_WARN_INT_CONVERSION = YES;
				CLANG_WARN_NON_LITERAL_NULL_CONVERSION = YES;
				CLANG_WARN_OBJC_IMPLICIT_RETAIN_CYCLE = YES;
				CLANG_WARN_OBJC_LITERAL_CONVERSION = YES;
				CLANG_WARN_OBJC_ROOT_CLASS = YES_ERROR;
				CLANG_WARN_QUOTED_INCLUDE_IN_FRAMEWORK_HEADER = YES;
				CLANG_WARN_RANGE_LOOP_ANALYSIS = YES;
				CLANG_WARN_STRICT_PROTOTYPES = YES;
				CLANG_WARN_SUSPICIOUS_MOVE = YES;
				CLANG_WARN_UNGUARDED_AVAILABILITY = YES_AGGRESSIVE;
				CLANG_WARN_UNREACHABLE_CODE = YES;
				CLANG_WARN__DUPLICATE_METHOD_MATCH = YES;
				COPY_PHASE_STRIP = NO;
				DEBUG_INFORMATION_FORMAT = "dwarf-with-dsym";
				ENABLE_NS_ASSERTIONS = NO;
				ENABLE_STRICT_OBJC_MSGSEND = YES;
				GCC_C_LANGUAGE_STANDARD = gnu11;
				GCC_NO_COMMON_BLOCKS = YES;
				GCC_WARN_64_TO_32_BIT_CONVERSION = YES;
				GCC_WARN_ABOUT_RETURN_TYPE = YES_ERROR;
				GCC_WARN_UNDECLARED_SELECTOR = YES;
				GCC_WARN_UNINITIALIZED_AUTOS = YES_AGGRESSIVE;
				GCC_WARN_UNUSED_FUNCTION = YES;
				GCC_WARN_UNUSED_VARIABLE = YES;
				MACOSX_DEPLOYMENT_TARGET = 13.0;
				MTL_ENABLE_DEBUG_INFO = NO;
				MTL_FAST_MATH = YES;
				SDKROOT = macosx;
				SWIFT_COMPILATION_MODE = wholemodule;
				SWIFT_OPTIMIZATION_LEVEL = "-O";
			};
			name = Release;
		};
		1B1111111111111111111103 /* Debug */ = {
			isa = XCBuildConfiguration;
			buildSettings = {
				ASSETCATALOG_COMPILER_APPICON_NAME = AppIcon;
				ASSETCATALOG_COMPILER_GLOBAL_ACCENT_COLOR_NAME = AccentColor;
				CODE_SIGN_IDENTITY = "Apple Development";
				"CODE_SIGN_IDENTITY[sdk=macosx*]" = "-";
				CODE_SIGN_STYLE = Automatic;
				COMBINE_HIDPI_IMAGES = YES;
				CURRENT_PROJECT_VERSION = 2;
				DEVELOPMENT_TEAM = "";
				ENABLE_HARDENED_RUNTIME = YES;
				GENERATE_INFOPLIST_FILE = NO;
				INFOPLIST_FILE = Caffeinate/Info.plist;
				LD_RUNPATH_SEARCH_PATHS = (
					"$(inherited)",
					"@executable_path/../Frameworks",
				);
				MARKETING_VERSION = 1.0.1;
				PRODUCT_BUNDLE_IDENTIFIER = com.guilhermebueno.caffeinate;
				PRODUCT_NAME = "$(TARGET_NAME)";
				SWIFT_EMIT_LOC_STRINGS = YES;
				SWIFT_VERSION = 5.0;
			};
			name = Debug;
		};
		1B1111111111111111111104 /* Release */ = {
			isa = XCBuildConfiguration;
			buildSettings = {
				ASSETCATALOG_COMPILER_APPICON_NAME = AppIcon;
				ASSETCATALOG_COMPILER_GLOBAL_ACCENT_COLOR_NAME = AccentColor;
				CODE_SIGN_IDENTITY = "Developer ID Application";
				CODE_SIGN_STYLE = Automatic;
				COMBINE_HIDPI_IMAGES = YES;
				CURRENT_PROJECT_VERSION = 2;
				DEVELOPMENT_TEAM = "";
				ENABLE_HARDENED_RUNTIME = YES;
				GENERATE_INFOPLIST_FILE = NO;
				INFOPLIST_FILE = Caffeinate/Info.plist;
				LD_RUNPATH_SEARCH_PATHS = (
					"$(inherited)",
					"@executable_path/../Frameworks",
				);
				MARKETING_VERSION = 1.0.1;
				PRODUCT_BUNDLE_IDENTIFIER = com.guilhermebueno.caffeinate;
				PRODUCT_NAME = "$(TARGET_NAME)";
				SWIFT_EMIT_LOC_STRINGS = YES;
				SWIFT_VERSION = 5.0;
			};
			name = Release;
		};
		1B1111111111111111111105 /* Debug */ = {
			isa = XCBuildConfiguration;
			buildSettings = {
				BUNDLE_LOADER = "$(TEST_HOST)";
				CODE_SIGN_IDENTITY = "Apple Development";
				"CODE_SIGN_IDENTITY[sdk=macosx*]" = "-";
				CODE_SIGN_STYLE = Automatic;
				CURRENT_PROJECT_VERSION = 2;
				DEVELOPMENT_TEAM = "";
				GENERATE_INFOPLIST_FILE = YES;
				MACOSX_DEPLOYMENT_TARGET = 13.0;
				MARKETING_VERSION = 1.0.1;
				PRODUCT_BUNDLE_IDENTIFIER = com.guilhermebueno.caffeinate.tests;
				PRODUCT_NAME = "$(TARGET_NAME)";
				SWIFT_EMIT_LOC_STRINGS = NO;
				SWIFT_VERSION = 5.0;
				TEST_HOST = "$(BUILT_PRODUCTS_DIR)/Caffeinate.app/Contents/MacOS/Caffeinate";
			};
			name = Debug;
		};
		1B1111111111111111111106 /* Release */ = {
			isa = XCBuildConfiguration;
			buildSettings = {
				BUNDLE_LOADER = "$(TEST_HOST)";
				CODE_SIGN_IDENTITY = "Apple Development";
				"CODE_SIGN_IDENTITY[sdk=macosx*]" = "-";
				CODE_SIGN_STYLE = Automatic;
				CURRENT_PROJECT_VERSION = 2;
				DEVELOPMENT_TEAM = "";
				GENERATE_INFOPLIST_FILE = YES;
				MACOSX_DEPLOYMENT_TARGET = 13.0;
				MARKETING_VERSION = 1.0.1;
				PRODUCT_BUNDLE_IDENTIFIER = com.guilhermebueno.caffeinate.tests;
				PRODUCT_NAME = "$(TARGET_NAME)";
				SWIFT_EMIT_LOC_STRINGS = NO;
				SWIFT_VERSION = 5.0;
				TEST_HOST = "$(BUILT_PRODUCTS_DIR)/Caffeinate.app/Contents/MacOS/Caffeinate";
			};
			name = Release;
		};
/* End XCBuildConfiguration section */

/* Begin XCConfigurationList section */
		1A1111111111111111111101 /* Build configuration list for PBXProject "Caffeinate" */ = {
			isa = XCConfigurationList;
			buildConfigurations = (
				1B1111111111111111111101 /* Debug */,
				1B1111111111111111111102 /* Release */,
			);
			defaultConfigurationIsVisible = 0;
			defaultConfigurationName = Release;
		};
		1A1111111111111111111102 /* Build configuration list for PBXNativeTarget "Caffeinate" */ = {
			isa = XCConfigurationList;
			buildConfigurations = (
				1B1111111111111111111103 /* Debug */,
				1B1111111111111111111104 /* Release */,
			);
			defaultConfigurationIsVisible = 0;
			defaultConfigurationName = Release;
		};
		1A1111111111111111111103 /* Build configuration list for PBXNativeTarget "CaffeinateTests" */ = {
			isa = XCConfigurationList;
			buildConfigurations = (
				1B1111111111111111111105 /* Debug */,
				1B1111111111111111111106 /* Release */,
			);
			defaultConfigurationIsVisible = 0;
			defaultConfigurationName = Release;
		};
/* End XCConfigurationList section */
	};
	rootObject = 29B97313FDCFA39411CA2CEA /* Project object */;
}
